
Microsoft Visual Studio Solution File, Format Version 12.00
# Visual Studio Version 16
VisualStudioVersion = 16.0.30503.244
MinimumVisualStudioVersion = 10.0.40219.1
Project("{FAE04EC0-301F-11D3-BF4B-00C04F79EFBC}") = "Ahoy.Hotel.Api", "Ahoy.Hotel.Api\Ahoy.Hotel.Api.csproj", "{EAB24D58-A0A6-471A-89EF-F46679898440}"
EndProject
Project("{FAE04EC0-301F-11D3-BF4B-00C04F79EFBC}") = "Ahoy.Hotel.UnitTest", "Ahoy.Hotel.UnitTest\Ahoy.Hotel.UnitTest.csproj", "{091B6D41-3749-4B98-94A7-19275D8A9655}"
EndProject
Global
	GlobalSection(SolutionConfigurationPlatforms) = preSolution
		Debug|Any CPU = Debug|Any CPU
		Release|Any CPU = Release|Any CPU
	EndGlobalSection
	GlobalSection(ProjectConfigurationPlatforms) = postSolution
		{EAB24D58-A0A6-471A-89EF-F46679898440}.Debug|Any CPU.ActiveCfg = Debug|Any CPU
		{EAB24D58-A0A6-471A-89EF-F46679898440}.Debug|Any CPU.Build.0 = Debug|Any CPU
		{EAB24D58-A0A6-471A-89EF-F46679898440}.Release|Any CPU.ActiveCfg = Release|Any CPU
		{EAB24D58-A0A6-471A-89EF-F46679898440}.Release|Any CPU.Build.0 = Release|Any CPU
		{091B6D41-3749-4B98-94A7-19275D8A9655}.Debug|Any CPU.ActiveCfg = Debug|Any CPU
		{091B6D41-3749-4B98-94A7-19275D8A9655}.Debug|Any CPU.Build.0 = Debug|Any CPU
		{091B6D41-3749-4B98-94A7-19275D8A9655}.Release|Any CPU.ActiveCfg = Release|Any CPU
		{091B6D41-3749-4B98-94A7-19275D8A9655}.Release|Any CPU.Build.0 = Release|Any CPU
	EndGlobalSection
	GlobalSection(SolutionProperties) = preSolution
		HideSolutionNode = FALSE
	EndGlobalSection
	GlobalSection(ExtensibilityGlobals) = postSolution
		SolutionGuid = {47B3756F-A24A-4842-9EAC-3ED9E54D542E}
	EndGlobalSection
EndGlobal
